// !$*UTF8*$!
{
	archiveVersion = 1;
	classes = {
	};
	objectVersion = 46;
	objects = {

/* Begin PBXBuildFile section */
		85DAA31C1F40495000625A1E /* AppDelegate.swift in Sources */ = {isa = PBXBuildFile; fileRef = 85DAA31B1F40495000625A1E /* AppDelegate.swift */; };
		85DAA31E1F40495000625A1E /* GameScene.sks in Resources */ = {isa = PBXBuildFile; fileRef = 85DAA31D1F40495000625A1E /* GameScene.sks */; };
		85DAA3201F40495000625A1E /* Actions.sks in Resources */ = {isa = PBXBuildFile; fileRef = 85DAA31F1F40495000625A1E /* Actions.sks */; };
		85DAA3221F40495000625A1E /* GameScene.swift in Sources */ = {isa = PBXBuildFile; fileRef = 85DAA3211F40495000625A1E /* GameScene.swift */; };
		85DAA3241F40495000625A1E /* GameViewController.swift in Sources */ = {isa = PBXBuildFile; fileRef = 85DAA3231F40495000625A1E /* GameViewController.swift */; };
		85DAA3271F40495000625A1E /* Main.storyboard in Resources */ = {isa = PBXBuildFile; fileRef = 85DAA3251F40495000625A1E /* Main.storyboard */; };
		85DAA3291F40495000625A1E /* Assets.xcassets in Resources */ = {isa = PBXBuildFile; fileRef = 85DAA3281F40495000625A1E /* Assets.xcassets */; };
		85DAA32C1F40495000625A1E /* LaunchScreen.storyboard in Resources */ = {isa = PBXBuildFile; fileRef = 85DAA32A1F40495000625A1E /* LaunchScreen.storyboard */; };
		85DAA3371F40495000625A1E /* PacmanTests.swift in Sources */ = {isa = PBXBuildFile; fileRef = 85DAA3361F40495000625A1E /* PacmanTests.swift */; };
		85DAA3421F40495000625A1E /* PacmanUITests.swift in Sources */ = {isa = PBXBuildFile; fileRef = 85DAA3411F40495000625A1E /* PacmanUITests.swift */; };
		A07EFFECD3A9DB69C767D0E1 /* Pods_PacmanTests.framework in Frameworks */ = {isa = PBXBuildFile; fileRef = 012C9C596EA301397ADC6D18 /* Pods_PacmanTests.framework */; };
		BB5D7709B8CD85AD16093B59 /* Pods_Pacman.framework in Frameworks */ = {isa = PBXBuildFile; fileRef = A0AE4F82DFE0A90FB9507EC0 /* Pods_Pacman.framework */; };
		FEBDD750552F168692C30CEF /* Pods_PacmanUITests.framework in Frameworks */ = {isa = PBXBuildFile; fileRef = 033F02030FA75B1BB3AFD1AB /* Pods_PacmanUITests.framework */; };
/* End PBXBuildFile section */

/* Begin PBXContainerItemProxy section */
		85DAA3331F40495000625A1E /* PBXContainerItemProxy */ = {
			isa = PBXContainerItemProxy;
			containerPortal = 85DAA3101F40495000625A1E /* Project object */;
			proxyType = 1;
			remoteGlobalIDString = 85DAA3171F40495000625A1E;
			remoteInfo = Pacman;
		};
		85DAA33E1F40495000625A1E /* PBXContainerItemProxy */ = {
			isa = PBXContainerItemProxy;
			containerPortal = 85DAA3101F40495000625A1E /* Project object */;
			proxyType = 1;
			remoteGlobalIDString = 85DAA3171F40495000625A1E;
			remoteInfo = Pacman;
		};
/* End PBXContainerItemProxy section */

/* Begin PBXFileReference section */
		012C9C596EA301397ADC6D18 /* Pods_PacmanTests.framework */ = {isa = PBXFileReference; explicitFileType = wrapper.framework; includeInIndex = 0; path = Pods_PacmanTests.framework; sourceTree = BUILT_PRODUCTS_DIR; };
		033F02030FA75B1BB3AFD1AB /* Pods_PacmanUITests.framework */ = {isa = PBXFileReference; explicitFileType = wrapper.framework; includeInIndex = 0; path = Pods_PacmanUITests.framework; sourceTree = BUILT_PRODUCTS_DIR; };
		0BE391EF2A299E0DE85904E3 /* Pods-PacmanTests.debug.xcconfig */ = {isa = PBXFileReference; includeInIndex = 1; lastKnownFileType = text.xcconfig; name = "Pods-PacmanTests.debug.xcconfig"; path = "Pods/Target Support Files/Pods-PacmanTests/Pods-PacmanTests.debug.xcconfig"; sourceTree = "<group>"; };
		67C6D841B6C1666ABC603BAF /* Pods-PacmanTests.release.xcconfig */ = {isa = PBXFileReference; includeInIndex = 1; lastKnownFileType = text.xcconfig; name = "Pods-PacmanTests.release.xcconfig"; path = "Pods/Target Support Files/Pods-PacmanTests/Pods-PacmanTests.release.xcconfig"; sourceTree = "<group>"; };
		85DAA3181F40495000625A1E /* Pacman.app */ = {isa = PBXFileReference; explicitFileType = wrapper.application; includeInIndex = 0; path = Pacman.app; sourceTree = BUILT_PRODUCTS_DIR; };
		85DAA31B1F40495000625A1E /* AppDelegate.swift */ = {isa = PBXFileReference; lastKnownFileType = sourcecode.swift; path = AppDelegate.swift; sourceTree = "<group>"; };
		85DAA31D1F40495000625A1E /* GameScene.sks */ = {isa = PBXFileReference; lastKnownFileType = file.sks; path = GameScene.sks; sourceTree = "<group>"; };
		85DAA31F1F40495000625A1E /* Actions.sks */ = {isa = PBXFileReference; lastKnownFileType = file.sks; path = Actions.sks; sourceTree = "<group>"; };
		85DAA3211F40495000625A1E /* GameScene.swift */ = {isa = PBXFileReference; lastKnownFileType = sourcecode.swift; path = GameScene.swift; sourceTree = "<group>"; };
		85DAA3231F40495000625A1E /* GameViewController.swift */ = {isa = PBXFileReference; lastKnownFileType = sourcecode.swift; path = GameViewController.swift; sourceTree = "<group>"; };
		85DAA3261F40495000625A1E /* Base */ = {isa = PBXFileReference; lastKnownFileType = file.storyboard; name = Base; path = Base.lproj/Main.storyboard; sourceTree = "<group>"; };
		85DAA3281F40495000625A1E /* Assets.xcassets */ = {isa = PBXFileReference; lastKnownFileType = folder.assetcatalog; path = Assets.xcassets; sourceTree = "<group>"; };
		85DAA32B1F40495000625A1E /* Base */ = {isa = PBXFileReference; lastKnownFileType = file.storyboard; name = Base; path = Base.lproj/LaunchScreen.storyboard; sourceTree = "<group>"; };
		85DAA32D1F40495000625A1E /* Info.plist */ = {isa = PBXFileReference; lastKnownFileType = text.plist.xml; path = Info.plist; sourceTree = "<group>"; };
		85DAA3321F40495000625A1E /* PacmanTests.xctest */ = {isa = PBXFileReference; explicitFileType = wrapper.cfbundle; includeInIndex = 0; path = PacmanTests.xctest; sourceTree = BUILT_PRODUCTS_DIR; };
		85DAA3361F40495000625A1E /* PacmanTests.swift */ = {isa = PBXFileReference; lastKnownFileType = sourcecode.swift; path = PacmanTests.swift; sourceTree = "<group>"; };
		85DAA3381F40495000625A1E /* Info.plist */ = {isa = PBXFileReference; lastKnownFileType = text.plist.xml; path = Info.plist; sourceTree = "<group>"; };
		85DAA33D1F40495000625A1E /* PacmanUITests.xctest */ = {isa = PBXFileReference; explicitFileType = wrapper.cfbundle; includeInIndex = 0; path = PacmanUITests.xctest; sourceTree = BUILT_PRODUCTS_DIR; };
		85DAA3411F40495000625A1E /* PacmanUITests.swift */ = {isa = PBXFileReference; lastKnownFileType = sourcecode.swift; path = PacmanUITests.swift; sourceTree = "<group>"; };
		85DAA3431F40495000625A1E /* Info.plist */ = {isa = PBXFileReference; lastKnownFileType = text.plist.xml; path = Info.plist; sourceTree = "<group>"; };
		85DAA34F1F404A5700625A1E /* Pacman-Bridging-Header.h */ = {isa = PBXFileReference; lastKnownFileType = sourcecode.c.h; path = "Pacman-Bridging-Header.h"; sourceTree = "<group>"; };
		A0AE4F82DFE0A90FB9507EC0 /* Pods_Pacman.framework */ = {isa = PBXFileReference; explicitFileType = wrapper.framework; includeInIndex = 0; path = Pods_Pacman.framework; sourceTree = BUILT_PRODUCTS_DIR; };
		B9AAB31EF11D9AAF681E3475 /* Pods-Pacman.release.xcconfig */ = {isa = PBXFileReference; includeInIndex = 1; lastKnownFileType = text.xcconfig; name = "Pods-Pacman.release.xcconfig"; path = "Pods/Target Support Files/Pods-Pacman/Pods-Pacman.release.xcconfig"; sourceTree = "<group>"; };
		C6D25B9FC6C61337C24A593C /* Pods-PacmanUITests.release.xcconfig */ = {isa = PBXFileReference; includeInIndex = 1; lastKnownFileType = text.xcconfig; name = "Pods-PacmanUITests.release.xcconfig"; path = "Pods/Target Support Files/Pods-PacmanUITests/Pods-PacmanUITests.release.xcconfig"; sourceTree = "<group>"; };
		D8FE7EE04C232144DD3901BA /* Pods-PacmanUITests.debug.xcconfig */ = {isa = PBXFileReference; includeInIndex = 1; lastKnownFileType = text.xcconfig; name = "Pods-PacmanUITests.debug.xcconfig"; path = "Pods/Target Support Files/Pods-PacmanUITests/Pods-PacmanUITests.debug.xcconfig"; sourceTree = "<group>"; };
		EAF3C126DE9C3178CF16E6B0 /* Pods-Pacman.debug.xcconfig */ = {isa = PBXFileReference; includeInIndex = 1; lastKnownFileType = text.xcconfig; name = "Pods-Pacman.debug.xcconfig"; path = "Pods/Target Support Files/Pods-Pacman/Pods-Pacman.debug.xcconfig"; sourceTree = "<group>"; };
/* End PBXFileReference section */

/* Begin PBXFrameworksBuildPhase section */
		85DAA3151F40495000625A1E /* Frameworks */ = {
			isa = PBXFrameworksBuildPhase;
			buildActionMask = 2147483647;
			files = (
				BB5D7709B8CD85AD16093B59 /* Pods_Pacman.framework in Frameworks */,
			);
			runOnlyForDeploymentPostprocessing = 0;
		};
		85DAA32F1F40495000625A1E /* Frameworks */ = {
			isa = PBXFrameworksBuildPhase;
			buildActionMask = 2147483647;
			files = (
				A07EFFECD3A9DB69C767D0E1 /* Pods_PacmanTests.framework in Frameworks */,
			);
			runOnlyForDeploymentPostprocessing = 0;
		};
		85DAA33A1F40495000625A1E /* Frameworks */ = {
			isa = PBXFrameworksBuildPhase;
			buildActionMask = 2147483647;
			files = (
				FEBDD750552F168692C30CEF /* Pods_PacmanUITests.framework in Frameworks */,
			);
			runOnlyForDeploymentPostprocessing = 0;
		};
/* End PBXFrameworksBuildPhase section */

/* Begin PBXGroup section */
		1C18A244926010D62F8F035B /* Frameworks */ = {
			isa = PBXGroup;
			children = (
				A0AE4F82DFE0A90FB9507EC0 /* Pods_Pacman.framework */,
				012C9C596EA301397ADC6D18 /* Pods_PacmanTests.framework */,
				033F02030FA75B1BB3AFD1AB /* Pods_PacmanUITests.framework */,
			);
			name = Frameworks;
			sourceTree = "<group>";
		};
		85DAA30F1F40495000625A1E = {
			isa = PBXGroup;
			children = (
				85DAA31A1F40495000625A1E /* Pacman */,
				85DAA3351F40495000625A1E /* PacmanTests */,
				85DAA3401F40495000625A1E /* PacmanUITests */,
				85DAA3191F40495000625A1E /* Products */,
				B1D865254247B71976350A61 /* Pods */,
				1C18A244926010D62F8F035B /* Frameworks */,
			);
			sourceTree = "<group>";
		};
		85DAA3191F40495000625A1E /* Products */ = {
			isa = PBXGroup;
			children = (
				85DAA3181F40495000625A1E /* Pacman.app */,
				85DAA3321F40495000625A1E /* PacmanTests.xctest */,
				85DAA33D1F40495000625A1E /* PacmanUITests.xctest */,
			);
			name = Products;
			sourceTree = "<group>";
		};
		85DAA31A1F40495000625A1E /* Pacman */ = {
			isa = PBXGroup;
			children = (
				85DAA31B1F40495000625A1E /* AppDelegate.swift */,
				85DAA31D1F40495000625A1E /* GameScene.sks */,
				85DAA31F1F40495000625A1E /* Actions.sks */,
				85DAA3211F40495000625A1E /* GameScene.swift */,
				85DAA3231F40495000625A1E /* GameViewController.swift */,
				85DAA3251F40495000625A1E /* Main.storyboard */,
				85DAA3281F40495000625A1E /* Assets.xcassets */,
				85DAA32A1F40495000625A1E /* LaunchScreen.storyboard */,
				85DAA32D1F40495000625A1E /* Info.plist */,
				85DAA34F1F404A5700625A1E /* Pacman-Bridging-Header.h */,
			);
			path = Pacman;
			sourceTree = "<group>";
		};
		85DAA3351F40495000625A1E /* PacmanTests */ = {
			isa = PBXGroup;
			children = (
				85DAA3361F40495000625A1E /* PacmanTests.swift */,
				85DAA3381F40495000625A1E /* Info.plist */,
			);
			path = PacmanTests;
			sourceTree = "<group>";
		};
		85DAA3401F40495000625A1E /* PacmanUITests */ = {
			isa = PBXGroup;
			children = (
				85DAA3411F40495000625A1E /* PacmanUITests.swift */,
				85DAA3431F40495000625A1E /* Info.plist */,
			);
			path = PacmanUITests;
			sourceTree = "<group>";
		};
		B1D865254247B71976350A61 /* Pods */ = {
			isa = PBXGroup;
			children = (
				EAF3C126DE9C3178CF16E6B0 /* Pods-Pacman.debug.xcconfig */,
				B9AAB31EF11D9AAF681E3475 /* Pods-Pacman.release.xcconfig */,
				0BE391EF2A299E0DE85904E3 /* Pods-PacmanTests.debug.xcconfig */,
				67C6D841B6C1666ABC603BAF /* Pods-PacmanTests.release.xcconfig */,
				D8FE7EE04C232144DD3901BA /* Pods-PacmanUITests.debug.xcconfig */,
				C6D25B9FC6C61337C24A593C /* Pods-PacmanUITests.release.xcconfig */,
			);
			name = Pods;
			sourceTree = "<group>";
		};
/* End PBXGroup section */

/* Begin PBXNativeTarget section */
		85DAA3171F40495000625A1E /* Pacman */ = {
			isa = PBXNativeTarget;
			buildConfigurationList = 85DAA3461F40495000625A1E /* Build configuration list for PBXNativeTarget "Pacman" */;
			buildPhases = (
				F309BB506D9A080F983BC39B /* [CP] Check Pods Manifest.lock */,
				85DAA3141F40495000625A1E /* Sources */,
				85DAA3151F40495000625A1E /* Frameworks */,
				85DAA3161F40495000625A1E /* Resources */,
				AE441F95121D4C5F4A0CB47C /* [CP] Embed Pods Frameworks */,
				82FA3C5335C091DABF22E479 /* [CP] Copy Pods Resources */,
			);
			buildRules = (
			);
			dependencies = (
			);
			name = Pacman;
			productName = Pacman;
			productReference = 85DAA3181F40495000625A1E /* Pacman.app */;
			productType = "com.apple.product-type.application";
		};
		85DAA3311F40495000625A1E /* PacmanTests */ = {
			isa = PBXNativeTarget;
			buildConfigurationList = 85DAA3491F40495000625A1E /* Build configuration list for PBXNativeTarget "PacmanTests" */;
			buildPhases = (
				ACF0284DF295CBCA39C42E4F /* [CP] Check Pods Manifest.lock */,
				85DAA32E1F40495000625A1E /* Sources */,
				85DAA32F1F40495000625A1E /* Frameworks */,
				85DAA3301F40495000625A1E /* Resources */,
				429A299C542E1BC39F34512A /* [CP] Embed Pods Frameworks */,
				D71C5F3A238C8F0862F7BFFE /* [CP] Copy Pods Resources */,
			);
			buildRules = (
			);
			dependencies = (
				85DAA3341F40495000625A1E /* PBXTargetDependency */,
			);
			name = PacmanTests;
			productName = PacmanTests;
			productReference = 85DAA3321F40495000625A1E /* PacmanTests.xctest */;
			productType = "com.apple.product-type.bundle.unit-test";
		};
		85DAA33C1F40495000625A1E /* PacmanUITests */ = {
			isa = PBXNativeTarget;
			buildConfigurationList = 85DAA34C1F40495000625A1E /* Build configuration list for PBXNativeTarget "PacmanUITests" */;
			buildPhases = (
				6E5DE435C4432E61BB5A55FC /* [CP] Check Pods Manifest.lock */,
				85DAA3391F40495000625A1E /* Sources */,
				85DAA33A1F40495000625A1E /* Frameworks */,
				85DAA33B1F40495000625A1E /* Resources */,
				EA65FD61B236EA8622F5D55C /* [CP] Embed Pods Frameworks */,
				265AA18DE07DA2E862599505 /* [CP] Copy Pods Resources */,
			);
			buildRules = (
			);
			dependencies = (
				85DAA33F1F40495000625A1E /* PBXTargetDependency */,
			);
			name = PacmanUITests;
			productName = PacmanUITests;
			productReference = 85DAA33D1F40495000625A1E /* PacmanUITests.xctest */;
			productType = "com.apple.product-type.bundle.ui-testing";
		};
/* End PBXNativeTarget section */

/* Begin PBXProject section */
		85DAA3101F40495000625A1E /* Project object */ = {
			isa = PBXProject;
			attributes = {
				LastSwiftUpdateCheck = 0810;
				LastUpgradeCheck = 0810;
				ORGANIZATIONNAME = JackyShen;
				TargetAttributes = {
					85DAA3171F40495000625A1E = {
						CreatedOnToolsVersion = 8.1;
						LastSwiftMigration = 0810;
						ProvisioningStyle = Automatic;
					};
					85DAA3311F40495000625A1E = {
						CreatedOnToolsVersion = 8.1;
						ProvisioningStyle = Automatic;
						TestTargetID = 85DAA3171F40495000625A1E;
					};
					85DAA33C1F40495000625A1E = {
						CreatedOnToolsVersion = 8.1;
						ProvisioningStyle = Automatic;
						TestTargetID = 85DAA3171F40495000625A1E;
					};
				};
			};
			buildConfigurationList = 85DAA3131F40495000625A1E /* Build configuration list for PBXProject "Pacman" */;
			compatibilityVersion = "Xcode 3.2";
			developmentRegion = English;
			hasScannedForEncodings = 0;
			knownRegions = (
				en,
				Base,
			);
			mainGroup = 85DAA30F1F40495000625A1E;
			productRefGroup = 85DAA3191F40495000625A1E /* Products */;
			projectDirPath = "";
			projectRoot = "";
			targets = (
				85DAA3171F40495000625A1E /* Pacman */,
				85DAA3311F40495000625A1E /* PacmanTests */,
				85DAA33C1F40495000625A1E /* PacmanUITests */,
			);
		};
/* End PBXProject section */

/* Begin PBXResourcesBuildPhase section */
		85DAA3161F40495000625A1E /* Resources */ = {
			isa = PBXResourcesBuildPhase;
			buildActionMask = 2147483647;
			files = (
				85DAA3271F40495000625A1E /* Main.storyboard in Resources */,
				85DAA31E1F40495000625A1E /* GameScene.sks in Resources */,
				85DAA3291F40495000625A1E /* Assets.xcassets in Resources */,
				85DAA32C1F40495000625A1E /* LaunchScreen.storyboard in Resources */,
				85DAA3201F40495000625A1E /* Actions.sks in Resources */,
			);
			runOnlyForDeploymentPostprocessing = 0;
		};
		85DAA3301F40495000625A1E /* Resources */ = {
			isa = PBXResourcesBuildPhase;
			buildActionMask = 2147483647;
			files = (
			);
			runOnlyForDeploymentPostprocessing = 0;
		};
		85DAA33B1F40495000625A1E /* Resources */ = {
			isa = PBXResourcesBuildPhase;
			buildActionMask = 2147483647;
			files = (
			);
			runOnlyForDeploymentPostprocessing = 0;
		};
/* End PBXResourcesBuildPhase section */

/* Begin PBXShellScriptBuildPhase section */
		265AA18DE07DA2E862599505 /* [CP] Copy Pods Resources */ = {
			isa = PBXShellScriptBuildPhase;
			buildActionMask = 2147483647;
			files = (
			);
			inputPaths = (
			);
			name = "[CP] Copy Pods Resources";
			outputPaths = (
			);
			runOnlyForDeploymentPostprocessing = 0;
			shellPath = /bin/sh;
			shellScript = "\"${SRCROOT}/Pods/Target Support Files/Pods-PacmanUITests/Pods-PacmanUITests-resources.sh\"\n";
			showEnvVarsInLog = 0;
		};
		429A299C542E1BC39F34512A /* [CP] Embed Pods Frameworks */ = {
			isa = PBXShellScriptBuildPhase;
			buildActionMask = 2147483647;
			files = (
			);
			inputPaths = (
			);
			name = "[CP] Embed Pods Frameworks";
			outputPaths = (
			);
			runOnlyForDeploymentPostprocessing = 0;
			shellPath = /bin/sh;
			shellScript = "\"${SRCROOT}/Pods/Target Support Files/Pods-PacmanTests/Pods-PacmanTests-frameworks.sh\"\n";
			showEnvVarsInLog = 0;
		};
		6E5DE435C4432E61BB5A55FC /* [CP] Check Pods Manifest.lock */ = {
			isa = PBXShellScriptBuildPhase;
			buildActionMask = 2147483647;
			files = (
			);
			inputPaths = (
				"${PODS_PODFILE_DIR_PATH}/Podfile.lock",
				"${PODS_ROOT}/Manifest.lock",
			);
			name = "[CP] Check Pods Manifest.lock";
			outputPaths = (
				"$(DERIVED_FILE_DIR)/Pods-PacmanUITests-checkManifestLockResult.txt",
			);
			runOnlyForDeploymentPostprocessing = 0;
			shellPath = /bin/sh;
			shellScript = "diff \"${PODS_PODFILE_DIR_PATH}/Podfile.lock\" \"${PODS_ROOT}/Manifest.lock\" > /dev/null\nif [ $? != 0 ] ; then\n    # print error to STDERR\n    echo \"error: The sandbox is not in sync with the Podfile.lock. Run 'pod install' or update your CocoaPods installation.\" >&2\n    exit 1\nfi\n# This output is used by Xcode 'outputs' to avoid re-running this script phase.\necho \"SUCCESS\" > \"${SCRIPT_OUTPUT_FILE_0}\"\n";
			showEnvVarsInLog = 0;
		};
		82FA3C5335C091DABF22E479 /* [CP] Copy Pods Resources */ = {
			isa = PBXShellScriptBuildPhase;
			buildActionMask = 2147483647;
			files = (
			);
			inputPaths = (
			);
			name = "[CP] Copy Pods Resources";
			outputPaths = (
			);
			runOnlyForDeploymentPostprocessing = 0;
			shellPath = /bin/sh;
			shellScript = "\"${SRCROOT}/Pods/Target Support Files/Pods-Pacman/Pods-Pacman-resources.sh\"\n";
			showEnvVarsInLog = 0;
		};
		ACF0284DF295CBCA39C42E4F /* [CP] Check Pods Manifest.lock */ = {
			isa = PBXShellScriptBuildPhase;
			buildActionMask = 2147483647;
			files = (
			);
			inputPaths = (
				"${PODS_PODFILE_DIR_PATH}/Podfile.lock",
				"${PODS_ROOT}/Manifest.lock",
			);
			name = "[CP] Check Pods Manifest.lock";
			outputPaths = (
				"$(DERIVED_FILE_DIR)/Pods-PacmanTests-checkManifestLockResult.txt",
			);
			runOnlyForDeploymentPostprocessing = 0;
			shellPath = /bin/sh;
			shellScript = "diff \"${PODS_PODFILE_DIR_PATH}/Podfile.lock\" \"${PODS_ROOT}/Manifest.lock\" > /dev/null\nif [ $? != 0 ] ; then\n    # print error to STDERR\n    echo \"error: The sandbox is not in sync with the Podfile.lock. Run 'pod install' or update your CocoaPods installation.\" >&2\n    exit 1\nfi\n# This output is used by Xcode 'outputs' to avoid re-running this script phase.\necho \"SUCCESS\" > \"${SCRIPT_OUTPUT_FILE_0}\"\n";
			showEnvVarsInLog = 0;
		};
		AE441F95121D4C5F4A0CB47C /* [CP] Embed Pods Frameworks */ = {
			isa = PBXShellScriptBuildPhase;
			buildActionMask = 2147483647;
			files = (
			);
			inputPaths = (
				"${SRCROOT}/Pods/Target Support Files/Pods-Pacman/Pods-Pacman-frameworks.sh",
				"${BUILT_PRODUCTS_DIR}/CDJoystick/CDJoystick.framework",
			);
			name = "[CP] Embed Pods Frameworks";
			outputPaths = (
				"${TARGET_BUILD_DIR}/${FRAMEWORKS_FOLDER_PATH}/CDJoystick.framework",
			);
			runOnlyForDeploymentPostprocessing = 0;
			shellPath = /bin/sh;
			shellScript = "\"${SRCROOT}/Pods/Target Support Files/Pods-Pacman/Pods-Pacman-frameworks.sh\"\n";
			showEnvVarsInLog = 0;
		};
		D71C5F3A238C8F0862F7BFFE /* [CP] Copy Pods Resources */ = {
			isa = PBXShellScriptBuildPhase;
			buildActionMask = 2147483647;
			files = (
			);
			inputPaths = (
			);
			name = "[CP] Copy Pods Resources";
			outputPaths = (
			);
			runOnlyForDeploymentPostprocessing = 0;
			shellPath = /bin/sh;
			shellScript = "\"${SRCROOT}/Pods/Target Support Files/Pods-PacmanTests/Pods-PacmanTests-resources.sh\"\n";
			showEnvVarsInLog = 0;
		};
		EA65FD61B236EA8622F5D55C /* [CP] Embed Pods Frameworks */ = {
			isa = PBXShellScriptBuildPhase;
			buildActionMask = 2147483647;
			files = (
			);
			inputPaths = (
			);
			name = "[CP] Embed Pods Frameworks";
			outputPaths = (
			);
			runOnlyForDeploymentPostprocessing = 0;
			shellPath = /bin/sh;
			shellScript = "\"${SRCROOT}/Pods/Target Support Files/Pods-PacmanUITests/Pods-PacmanUITests-frameworks.sh\"\n";
			showEnvVarsInLog = 0;
		};
		F309BB506D9A080F983BC39B /* [CP] Check Pods Manifest.lock */ = {
			isa = PBXShellScriptBuildPhase;
			buildActionMask = 2147483647;
			files = (
			);
			inputPaths = (
				"${PODS_PODFILE_DIR_PATH}/Podfile.lock",
				"${PODS_ROOT}/Manifest.lock",
			);
			name = "[CP] Check Pods Manifest.lock";
			outputPaths = (
				"$(DERIVED_FILE_DIR)/Pods-Pacman-checkManifestLockResult.txt",
			);
			runOnlyForDeploymentPostprocessing = 0;
			shellPath = /bin/sh;
			shellScript = "diff \"${PODS_PODFILE_DIR_PATH}/Podfile.lock\" \"${PODS_ROOT}/Manifest.lock\" > /dev/null\nif [ $? != 0 ] ; then\n    # print error to STDERR\n    echo \"error: The sandbox is not in sync with the Podfile.lock. Run 'pod install' or update your CocoaPods installation.\" >&2\n    exit 1\nfi\n# This output is used by Xcode 'outputs' to avoid re-running this script phase.\necho \"SUCCESS\" > \"${SCRIPT_OUTPUT_FILE_0}\"\n";
			showEnvVarsInLog = 0;
		};
/* End PBXShellScriptBuildPhase section */

/* Begin PBXSourcesBuildPhase section */
		85DAA3141F40495000625A1E /* Sources */ = {
			isa = PBXSourcesBuildPhase;
			buildActionMask = 2147483647;
			files = (
				85DAA3221F40495000625A1E /* GameScene.swift in Sources */,
				85DAA3241F40495000625A1E /* GameViewController.swift in Sources */,
				85DAA31C1F40495000625A1E /* AppDelegate.swift in Sources */,
			);
			runOnlyForDeploymentPostprocessing = 0;
		};
		85DAA32E1F40495000625A1E /* Sources */ = {
			isa = PBXSourcesBuildPhase;
			buildActionMask = 2147483647;
			files = (
				85DAA3371F40495000625A1E /* PacmanTests.swift in Sources */,
			);
			runOnlyForDeploymentPostprocessing = 0;
		};
		85DAA3391F40495000625A1E /* Sources */ = {
			isa = PBXSourcesBuildPhase;
			buildActionMask = 2147483647;
			files = (
				85DAA3421F40495000625A1E /* PacmanUITests.swift in Sources */,
			);
			runOnlyForDeploymentPostprocessing = 0;
		};
/* End PBXSourcesBuildPhase section */

/* Begin PBXTargetDependency section */
		85DAA3341F40495000625A1E /* PBXTargetDependency */ = {
			isa = PBXTargetDependency;
			target = 85DAA3171F40495000625A1E /* Pacman */;
			targetProxy = 85DAA3331F40495000625A1E /* PBXContainerItemProxy */;
		};
		85DAA33F1F40495000625A1E /* PBXTargetDependency */ = {
			isa = PBXTargetDependency;
			target = 85DAA3171F40495000625A1E /* Pacman */;
			targetProxy = 85DAA33E1F40495000625A1E /* PBXContainerItemProxy */;
		};
/* End PBXTargetDependency section */

/* Begin PBXVariantGroup section */
		85DAA3251F40495000625A1E /* Main.storyboard */ = {
			isa = PBXVariantGroup;
			children = (
				85DAA3261F40495000625A1E /* Base */,
			);
			name = Main.storyboard;
			sourceTree = "<group>";
		};
		85DAA32A1F40495000625A1E /* LaunchScreen.storyboard */ = {
			isa = PBXVariantGroup;
			children = (
				85DAA32B1F40495000625A1E /* Base */,
			);
			name = LaunchScreen.storyboard;
			sourceTree = "<group>";
		};
/* End PBXVariantGroup section */

/* Begin XCBuildConfiguration section */
		85DAA3441F40495000625A1E /* Debug */ = {
			isa = XCBuildConfiguration;
			buildSettings = {
				ALWAYS_SEARCH_USER_PATHS = NO;
				CLANG_ANALYZER_NONNULL = YES;
				CLANG_CXX_LANGUAGE_STANDARD = "gnu++0x";
				CLANG_CXX_LIBRARY = "libc++";
				CLANG_ENABLE_MODULES = YES;
				CLANG_ENABLE_OBJC_ARC = YES;
				CLANG_WARN_BOOL_CONVERSION = YES;
				CLANG_WARN_CONSTANT_CONVERSION = YES;
				CLANG_WARN_DIRECT_OBJC_ISA_USAGE = YES_ERROR;
				CLANG_WARN_DOCUMENTATION_COMMENTS = YES;
				CLANG_WARN_EMPTY_BODY = YES;
				CLANG_WARN_ENUM_CONVERSION = YES;
				CLANG_WARN_INFINITE_RECURSION = YES;
				CLANG_WARN_INT_CONVERSION = YES;
				CLANG_WARN_OBJC_ROOT_CLASS = YES_ERROR;
				CLANG_WARN_SUSPICIOUS_MOVES = YES;
				CLANG_WARN_UNREACHABLE_CODE = YES;
				CLANG_WARN__DUPLICATE_METHOD_MATCH = YES;
				"CODE_SIGN_IDENTITY[sdk=iphoneos*]" = "iPhone Developer";
				COPY_PHASE_STRIP = NO;
				DEBUG_INFORMATION_FORMAT = dwarf;
				ENABLE_STRICT_OBJC_MSGSEND = YES;
				ENABLE_TESTABILITY = YES;
				GCC_C_LANGUAGE_STANDARD = gnu99;
				GCC_DYNAMIC_NO_PIC = NO;
				GCC_NO_COMMON_BLOCKS = YES;
				GCC_OPTIMIZATION_LEVEL = 0;
				GCC_PREPROCESSOR_DEFINITIONS = (
					"DEBUG=1",
					"$(inherited)",
				);
				GCC_WARN_64_TO_32_BIT_CONVERSION = YES;
				GCC_WARN_ABOUT_RETURN_TYPE = YES_ERROR;
				GCC_WARN_UNDECLARED_SELECTOR = YES;
				GCC_WARN_UNINITIALIZED_AUTOS = YES_AGGRESSIVE;
				GCC_WARN_UNUSED_FUNCTION = YES;
				GCC_WARN_UNUSED_VARIABLE = YES;
				IPHONEOS_DEPLOYMENT_TARGET = 10.1;
				MTL_ENABLE_DEBUG_INFO = YES;
				ONLY_ACTIVE_ARCH = YES;
				SDKROOT = iphoneos;
				SWIFT_ACTIVE_COMPILATION_CONDITIONS = DEBUG;
				SWIFT_OPTIMIZATION_LEVEL = "-Onone";
				TARGETED_DEVICE_FAMILY = "1,2";
			};
			name = Debug;
		};
		85DAA3451F40495000625A1E /* Release */ = {
			isa = XCBuildConfiguration;
			buildSettings = {
				ALWAYS_SEARCH_USER_PATHS = NO;
				CLANG_ANALYZER_NONNULL = YES;
				CLANG_CXX_LANGUAGE_STANDARD = "gnu++0x";
				CLANG_CXX_LIBRARY = "libc++";
				CLANG_ENABLE_MODULES = YES;
				CLANG_ENABLE_OBJC_ARC = YES;
				CLANG_WARN_BOOL_CONVERSION = YES;
				CLANG_WARN_CONSTANT_CONVERSION = YES;
				CLANG_WARN_DIRECT_OBJC_ISA_USAGE = YES_ERROR;
				CLANG_WARN_DOCUMENTATION_COMMENTS = YES;
				CLANG_WARN_EMPTY_BODY = YES;
				CLANG_WARN_ENUM_CONVERSION = YES;
				CLANG_WARN_INFINITE_RECURSION = YES;
				CLANG_WARN_INT_CONVERSION = YES;
				CLANG_WARN_OBJC_ROOT_CLASS = YES_ERROR;
				CLANG_WARN_SUSPICIOUS_MOVES = YES;
				CLANG_WARN_UNREACHABLE_CODE = YES;
				CLANG_WARN__DUPLICATE_METHOD_MATCH = YES;
				"CODE_SIGN_IDENTITY[sdk=iphoneos*]" = "iPhone Developer";
				COPY_PHASE_STRIP = NO;
				DEBUG_INFORMATION_FORMAT = "dwarf-with-dsym";
				ENABLE_NS_ASSERTIONS = NO;
				ENABLE_STRICT_OBJC_MSGSEND = YES;
				GCC_C_LANGUAGE_STANDARD = gnu99;
				GCC_NO_COMMON_BLOCKS = YES;
				GCC_WARN_64_TO_32_BIT_CONVERSION = YES;
				GCC_WARN_ABOUT_RETURN_TYPE = YES_ERROR;
				GCC_WARN_UNDECLARED_SELECTOR = YES;
				GCC_WARN_UNINITIALIZED_AUTOS = YES_AGGRESSIVE;
				GCC_WARN_UNUSED_FUNCTION = YES;
				GCC_WARN_UNUSED_VARIABLE = YES;
				IPHONEOS_DEPLOYMENT_TARGET = 10.1;
				MTL_ENABLE_DEBUG_INFO = NO;
				SDKROOT = iphoneos;
				SWIFT_OPTIMIZATION_LEVEL = "-Owholemodule";
				TARGETED_DEVICE_FAMILY = "1,2";
				VALIDATE_PRODUCT = YES;
			};
			name = Release;
		};
		85DAA3471F40495000625A1E /* Debug */ = {
			isa = XCBuildConfiguration;
			baseConfigurationReference = EAF3C126DE9C3178CF16E6B0 /* Pods-Pacman.debug.xcconfig */;
			buildSettings = {
				ASSETCATALOG_COMPILER_APPICON_NAME = AppIcon;
				CLANG_ENABLE_MODULES = YES;
				INFOPLIST_FILE = Pacman/Info.plist;
				LD_RUNPATH_SEARCH_PATHS = "$(inherited) @executable_path/Frameworks";
				PRODUCT_BUNDLE_IDENTIFIER = com.mebusw.Pacman;
				PRODUCT_NAME = "$(TARGET_NAME)";
				SWIFT_OBJC_BRIDGING_HEADER = "Pacman/Pacman-Bridging-Header.h";
				SWIFT_OPTIMIZATION_LEVEL = "-Onone";
				SWIFT_VERSION = 3.0;
			};
			name = Debug;
		};
		85DAA3481F40495000625A1E /* Release */ = {
			isa = XCBuildConfiguration;
			baseConfigurationReference = B9AAB31EF11D9AAF681E3475 /* Pods-Pacman.release.xcconfig */;
			buildSettings = {
				ASSETCATALOG_COMPILER_APPICON_NAME = AppIcon;
				CLANG_ENABLE_MODULES = YES;
				INFOPLIST_FILE = Pacman/Info.plist;
				LD_RUNPATH_SEARCH_PATHS = "$(inherited) @executable_path/Frameworks";
				PRODUCT_BUNDLE_IDENTIFIER = com.mebusw.Pacman;
				PRODUCT_NAME = "$(TARGET_NAME)";
				SWIFT_OBJC_BRIDGING_HEADER = "Pacman/Pacman-Bridging-Header.h";
				SWIFT_VERSION = 3.0;
			};
			name = Release;
		};
		85DAA34A1F40495000625A1E /* Debug */ = {
			isa = XCBuildConfiguration;
			baseConfigurationReference = 0BE391EF2A299E0DE85904E3 /* Pods-PacmanTests.debug.xcconfig */;
			buildSettings = {
				ALWAYS_EMBED_SWIFT_STANDARD_LIBRARIES = YES;
				BUNDLE_LOADER = "$(TEST_HOST)";
				INFOPLIST_FILE = PacmanTests/Info.plist;
				LD_RUNPATH_SEARCH_PATHS = "$(inherited) @executable_path/Frameworks @loader_path/Frameworks";
				PRODUCT_BUNDLE_IDENTIFIER = com.mebusw.PacmanTests;
				PRODUCT_NAME = "$(TARGET_NAME)";
				SWIFT_VERSION = 3.0;
				TEST_HOST = "$(BUILT_PRODUCTS_DIR)/Pacman.app/Pacman";
			};
			name = Debug;
		};
		85DAA34B1F40495000625A1E /* Release */ = {
			isa = XCBuildConfiguration;
			baseConfigurationReference = 67C6D841B6C1666ABC603BAF /* Pods-PacmanTests.release.xcconfig */;
			buildSettings = {
				ALWAYS_EMBED_SWIFT_STANDARD_LIBRARIES = YES;
				BUNDLE_LOADER = "$(TEST_HOST)";
				INFOPLIST_FILE = PacmanTests/Info.plist;
				LD_RUNPATH_SEARCH_PATHS = "$(inherited) @executable_path/Frameworks @loader_path/Frameworks";
				PRODUCT_BUNDLE_IDENTIFIER = com.mebusw.PacmanTests;
				PRODUCT_NAME = "$(TARGET_NAME)";
				SWIFT_VERSION = 3.0;
				TEST_HOST = "$(BUILT_PRODUCTS_DIR)/Pacman.app/Pacman";
			};
			name = Release;
		};
		85DAA34D1F40495000625A1E /* Debug */ = {
			isa = XCBuildConfiguration;
			baseConfigurationReference = D8FE7EE04C232144DD3901BA /* Pods-PacmanUITests.debug.xcconfig */;
			buildSettings = {
				ALWAYS_EMBED_SWIFT_STANDARD_LIBRARIES = YES;
				INFOPLIST_FILE = PacmanUITests/Info.plist;
				LD_RUNPATH_SEARCH_PATHS = "$(inherited) @executable_path/Frameworks @loader_path/Frameworks";
				PRODUCT_BUNDLE_IDENTIFIER = com.mebusw.PacmanUITests;
				PRODUCT_NAME = "$(TARGET_NAME)";
				SWIFT_VERSION = 3.0;
				TEST_TARGET_NAME = Pacman;
			};
			name = Debug;
		};
		85DAA34E1F40495000625A1E /* Release */ = {
			isa = XCBuildConfiguration;
			baseConfigurationReference = C6D25B9FC6C61337C24A593C /* Pods-PacmanUITests.release.xcconfig */;
			buildSettings = {
				ALWAYS_EMBED_SWIFT_STANDARD_LIBRARIES = YES;
				INFOPLIST_FILE = PacmanUITests/Info.plist;
				LD_RUNPATH_SEARCH_PATHS = "$(inherited) @executable_path/Frameworks @loader_path/Frameworks";
				PRODUCT_BUNDLE_IDENTIFIER = com.mebusw.PacmanUITests;
				PRODUCT_NAME = "$(TARGET_NAME)";
				SWIFT_VERSION = 3.0;
				TEST_TARGET_NAME = Pacman;
			};
			name = Release;
		};
/* End XCBuildConfiguration section */

/* Begin XCConfigurationList section */
		85DAA3131F40495000625A1E /* Build configuration list for PBXProject "Pacman" */ = {
			isa = XCConfigurationList;
			buildConfigurations = (
				85DAA3441F40495000625A1E /* Debug */,
				85DAA3451F40495000625A1E /* Release */,
			);
			defaultConfigurationIsVisible = 0;
			defaultConfigurationName = Release;
		};
		85DAA3461F40495000625A1E /* Build configuration list for PBXNativeTarget "Pacman" */ = {
			isa = XCConfigurationList;
			buildConfigurations = (
				85DAA3471F40495000625A1E /* Debug */,
				85DAA3481F40495000625A1E /* Release */,
			);
			defaultConfigurationIsVisible = 0;
			defaultConfigurationName = Release;
		};
		85DAA3491F40495000625A1E /* Build configuration list for PBXNativeTarget "PacmanTests" */ = {
			isa = XCConfigurationList;
			buildConfigurations = (
				85DAA34A1F40495000625A1E /* Debug */,
				85DAA34B1F40495000625A1E /* Release */,
			);
			defaultConfigurationIsVisible = 0;
			defaultConfigurationName = Release;
		};
		85DAA34C1F40495000625A1E /* Build configuration list for PBXNativeTarget "PacmanUITests" */ = {
			isa = XCConfigurationList;
			buildConfigurations = (
				85DAA34D1F40495000625A1E /* Debug */,
				85DAA34E1F40495000625A1E /* Release */,
			);
			defaultConfigurationIsVisible = 0;
			defaultConfigurationName = Release;
		};
/* End XCConfigurationList section */
	};
	rootObject = 85DAA3101F40495000625A1E /* Project object */;
}
